
Microsoft Visual Studio Solution File, Format Version 12.00
Project("{FAE04EC0-301F-11D3-BF4B-00C04F79EFBC}") = "AllInOneForm", "AllInOneForm\AllInOneForm.csproj", "{134EA4BA-8166-4B6B-8E20-9D63303C4278}"
EndProject
Global
	GlobalSection(SolutionConfigurationPlatforms) = preSolution
		Debug|Any CPU = Debug|Any CPU
		Release|Any CPU = Release|Any CPU
	EndGlobalSection
	GlobalSection(ProjectConfigurationPlatforms) = postSolution
		{134EA4BA-8166-4B6B-8E20-9D63303C4278}.Debug|Any CPU.ActiveCfg = Debug|Any CPU
		{134EA4BA-8166-4B6B-8E20-9D63303C4278}.Debug|Any CPU.Build.0 = Debug|Any CPU
		{134EA4BA-8166-4B6B-8E20-9D63303C4278}.Release|Any CPU.ActiveCfg = Release|Any CPU
		{134EA4BA-8166-4B6B-8E20-9D63303C4278}.Release|Any CPU.Build.0 = Release|Any CPU
	EndGlobalSection
EndGlobal
